// !$*UTF8*$!
{
	archiveVersion = 1;
	classes = {
	};
	objectVersion = 50;
	objects = {

/* Begin PBXBuildFile section */
		C476E09E241FBC4200154C24 /* JoinCoordinator.swift in Sources */ = {isa = PBXBuildFile; fileRef = C476E09D241FBC4200154C24 /* JoinCoordinator.swift */; };
		C476E0A3241FBE5400154C24 /* JoinViewController.swift in Sources */ = {isa = PBXBuildFile; fileRef = C476E0A1241FBE5400154C24 /* JoinViewController.swift */; };
		C476E0A4241FBE5400154C24 /* JoinViewController.xib in Resources */ = {isa = PBXBuildFile; fileRef = C476E0A2241FBE5400154C24 /* JoinViewController.xib */; };
		C4D03A80241CA93800CB640B /* AppDelegate.swift in Sources */ = {isa = PBXBuildFile; fileRef = C4D03A7F241CA93800CB640B /* AppDelegate.swift */; };
		C4D03A84241CA93800CB640B /* ViewController.swift in Sources */ = {isa = PBXBuildFile; fileRef = C4D03A83241CA93800CB640B /* ViewController.swift */; };
		C4D03A87241CA93800CB640B /* Main.storyboard in Resources */ = {isa = PBXBuildFile; fileRef = C4D03A85241CA93800CB640B /* Main.storyboard */; };
		C4D03A89241CA93B00CB640B /* Assets.xcassets in Resources */ = {isa = PBXBuildFile; fileRef = C4D03A88241CA93B00CB640B /* Assets.xcassets */; };
		C4D03A8C241CA93B00CB640B /* LaunchScreen.storyboard in Resources */ = {isa = PBXBuildFile; fileRef = C4D03A8A241CA93B00CB640B /* LaunchScreen.storyboard */; };
		C4D11025241E725E0046FB8C /* .gitignore in Resources */ = {isa = PBXBuildFile; fileRef = C4D11024241E725E0046FB8C /* .gitignore */; };
		C4F382DB241CBBF700500E03 /* RootCoordinator.swift in Sources */ = {isa = PBXBuildFile; fileRef = C4F382DA241CBBF700500E03 /* RootCoordinator.swift */; };
		C4F382DD241CBC1A00500E03 /* Coordinatable.swift in Sources */ = {isa = PBXBuildFile; fileRef = C4F382DC241CBC1A00500E03 /* Coordinatable.swift */; };
		C4F382DF241CC4CA00500E03 /* WelcomeViewCoordinator.swift in Sources */ = {isa = PBXBuildFile; fileRef = C4F382DE241CC4CA00500E03 /* WelcomeViewCoordinator.swift */; };
		C4F382E2241CC57400500E03 /* WelcomeViewController.swift in Sources */ = {isa = PBXBuildFile; fileRef = C4F382E0241CC57300500E03 /* WelcomeViewController.swift */; };
		C4F382E3241CC57400500E03 /* WelcomeViewController.xib in Resources */ = {isa = PBXBuildFile; fileRef = C4F382E1241CC57300500E03 /* WelcomeViewController.xib */; };
/* End PBXBuildFile section */

/* Begin PBXFileReference section */
		C476E09D241FBC4200154C24 /* JoinCoordinator.swift */ = {isa = PBXFileReference; lastKnownFileType = sourcecode.swift; path = JoinCoordinator.swift; sourceTree = "<group>"; };
		C476E0A1241FBE5400154C24 /* JoinViewController.swift */ = {isa = PBXFileReference; lastKnownFileType = sourcecode.swift; path = JoinViewController.swift; sourceTree = "<group>"; };
		C476E0A2241FBE5400154C24 /* JoinViewController.xib */ = {isa = PBXFileReference; lastKnownFileType = file.xib; path = JoinViewController.xib; sourceTree = "<group>"; };
		C4D03A7C241CA93800CB640B /* summary.app */ = {isa = PBXFileReference; explicitFileType = wrapper.application; includeInIndex = 0; path = summary.app; sourceTree = BUILT_PRODUCTS_DIR; };
		C4D03A7F241CA93800CB640B /* AppDelegate.swift */ = {isa = PBXFileReference; lastKnownFileType = sourcecode.swift; path = AppDelegate.swift; sourceTree = "<group>"; };
		C4D03A83241CA93800CB640B /* ViewController.swift */ = {isa = PBXFileReference; lastKnownFileType = sourcecode.swift; path = ViewController.swift; sourceTree = "<group>"; };
		C4D03A86241CA93800CB640B /* Base */ = {isa = PBXFileReference; lastKnownFileType = file.storyboard; name = Base; path = Base.lproj/Main.storyboard; sourceTree = "<group>"; };
		C4D03A88241CA93B00CB640B /* Assets.xcassets */ = {isa = PBXFileReference; lastKnownFileType = folder.assetcatalog; path = Assets.xcassets; sourceTree = "<group>"; };
		C4D03A8B241CA93B00CB640B /* Base */ = {isa = PBXFileReference; lastKnownFileType = file.storyboard; name = Base; path = Base.lproj/LaunchScreen.storyboard; sourceTree = "<group>"; };
		C4D03A8D241CA93B00CB640B /* Info.plist */ = {isa = PBXFileReference; lastKnownFileType = text.plist.xml; path = Info.plist; sourceTree = "<group>"; };
		C4D11024241E725E0046FB8C /* .gitignore */ = {isa = PBXFileReference; lastKnownFileType = text; path = .gitignore; sourceTree = "<group>"; };
		C4F382DA241CBBF700500E03 /* RootCoordinator.swift */ = {isa = PBXFileReference; lastKnownFileType = sourcecode.swift; path = RootCoordinator.swift; sourceTree = "<group>"; };
		C4F382DC241CBC1A00500E03 /* Coordinatable.swift */ = {isa = PBXFileReference; lastKnownFileType = sourcecode.swift; path = Coordinatable.swift; sourceTree = "<group>"; };
		C4F382DE241CC4CA00500E03 /* WelcomeViewCoordinator.swift */ = {isa = PBXFileReference; lastKnownFileType = sourcecode.swift; path = WelcomeViewCoordinator.swift; sourceTree = "<group>"; };
		C4F382E0241CC57300500E03 /* WelcomeViewController.swift */ = {isa = PBXFileReference; lastKnownFileType = sourcecode.swift; path = WelcomeViewController.swift; sourceTree = "<group>"; };
		C4F382E1241CC57300500E03 /* WelcomeViewController.xib */ = {isa = PBXFileReference; lastKnownFileType = file.xib; path = WelcomeViewController.xib; sourceTree = "<group>"; };
/* End PBXFileReference section */

/* Begin PBXFrameworksBuildPhase section */
		C4D03A79241CA93800CB640B /* Frameworks */ = {
			isa = PBXFrameworksBuildPhase;
			buildActionMask = 2147483647;
			files = (
			);
			runOnlyForDeploymentPostprocessing = 0;
		};
/* End PBXFrameworksBuildPhase section */

/* Begin PBXGroup section */
		C4A1278A241CB6B1007DA53F /* CustomView */ = {
			isa = PBXGroup;
			children = (
				C4F382E0241CC57300500E03 /* WelcomeViewController.swift */,
				C4F382E1241CC57300500E03 /* WelcomeViewController.xib */,
				C476E0A1241FBE5400154C24 /* JoinViewController.swift */,
				C476E0A2241FBE5400154C24 /* JoinViewController.xib */,
			);
			path = CustomView;
			sourceTree = "<group>";
		};
		C4BAEC76241E0F4800EE621D /* System */ = {
			isa = PBXGroup;
			children = (
				C4D03A85241CA93800CB640B /* Main.storyboard */,
				C4D03A7F241CA93800CB640B /* AppDelegate.swift */,
			);
			path = System;
			sourceTree = "<group>";
		};
		C4D03A73241CA93800CB640B = {
			isa = PBXGroup;
			children = (
				C4D03A7E241CA93800CB640B /* summary */,
				C4D03A7D241CA93800CB640B /* Products */,
			);
			sourceTree = "<group>";
		};
		C4D03A7D241CA93800CB640B /* Products */ = {
			isa = PBXGroup;
			children = (
				C4D03A7C241CA93800CB640B /* summary.app */,
			);
			name = Products;
			sourceTree = "<group>";
		};
		C4D03A7E241CA93800CB640B /* summary */ = {
			isa = PBXGroup;
			children = (
				C4D11023241E72130046FB8C /* Git */,
				C4BAEC76241E0F4800EE621D /* System */,
				C4F382D9241CBBD700500E03 /* Coordinator */,
				C4A1278A241CB6B1007DA53F /* CustomView */,
				C4D03A83241CA93800CB640B /* ViewController.swift */,
				C4D03A88241CA93B00CB640B /* Assets.xcassets */,
				C4D03A8A241CA93B00CB640B /* LaunchScreen.storyboard */,
				C4D03A8D241CA93B00CB640B /* Info.plist */,
			);
			path = summary;
			sourceTree = "<group>";
		};
		C4D11023241E72130046FB8C /* Git */ = {
			isa = PBXGroup;
			children = (
				C4D11024241E725E0046FB8C /* .gitignore */,
			);
			path = Git;
			sourceTree = "<group>";
		};
		C4F382D9241CBBD700500E03 /* Coordinator */ = {
			isa = PBXGroup;
			children = (
				C4F382DA241CBBF700500E03 /* RootCoordinator.swift */,
				C4F382DC241CBC1A00500E03 /* Coordinatable.swift */,
				C4F382DE241CC4CA00500E03 /* WelcomeViewCoordinator.swift */,
				C476E09D241FBC4200154C24 /* JoinCoordinator.swift */,
			);
			path = Coordinator;
			sourceTree = "<group>";
		};
/* End PBXGroup section */

/* Begin PBXNativeTarget section */
		C4D03A7B241CA93800CB640B /* summary */ = {
			isa = PBXNativeTarget;
			buildConfigurationList = C4D03A90241CA93B00CB640B /* Build configuration list for PBXNativeTarget "summary" */;
			buildPhases = (
				C4D03A78241CA93800CB640B /* Sources */,
				C4D03A79241CA93800CB640B /* Frameworks */,
				C4D03A7A241CA93800CB640B /* Resources */,
			);
			buildRules = (
			);
			dependencies = (
			);
			name = summary;
			productName = summary;
			productReference = C4D03A7C241CA93800CB640B /* summary.app */;
			productType = "com.apple.product-type.application";
		};
/* End PBXNativeTarget section */

/* Begin PBXProject section */
		C4D03A74241CA93800CB640B /* Project object */ = {
			isa = PBXProject;
			attributes = {
				LastSwiftUpdateCheck = 1130;
				LastUpgradeCheck = 1130;
				TargetAttributes = {
					C4D03A7B241CA93800CB640B = {
						CreatedOnToolsVersion = 11.3.1;
					};
				};
			};
			buildConfigurationList = C4D03A77241CA93800CB640B /* Build configuration list for PBXProject "summary" */;
			compatibilityVersion = "Xcode 9.3";
			developmentRegion = en;
			hasScannedForEncodings = 0;
			knownRegions = (
				en,
				Base,
			);
			mainGroup = C4D03A73241CA93800CB640B;
			productRefGroup = C4D03A7D241CA93800CB640B /* Products */;
			projectDirPath = "";
			projectRoot = "";
			targets = (
				C4D03A7B241CA93800CB640B /* summary */,
			);
		};
/* End PBXProject section */

/* Begin PBXResourcesBuildPhase section */
		C4D03A7A241CA93800CB640B /* Resources */ = {
			isa = PBXResourcesBuildPhase;
			buildActionMask = 2147483647;
			files = (
				C476E0A4241FBE5400154C24 /* JoinViewController.xib in Resources */,
				C4F382E3241CC57400500E03 /* WelcomeViewController.xib in Resources */,
				C4D03A8C241CA93B00CB640B /* LaunchScreen.storyboard in Resources */,
				C4D03A89241CA93B00CB640B /* Assets.xcassets in Resources */,
				C4D11025241E725E0046FB8C /* .gitignore in Resources */,
				C4D03A87241CA93800CB640B /* Main.storyboard in Resources */,
			);
			runOnlyForDeploymentPostprocessing = 0;
		};
/* End PBXResourcesBuildPhase section */

/* Begin PBXSourcesBuildPhase section */
		C4D03A78241CA93800CB640B /* Sources */ = {
			isa = PBXSourcesBuildPhase;
			buildActionMask = 2147483647;
			files = (
				C4F382DF241CC4CA00500E03 /* WelcomeViewCoordinator.swift in Sources */,
				C4F382DB241CBBF700500E03 /* RootCoordinator.swift in Sources */,
				C476E0A3241FBE5400154C24 /* JoinViewController.swift in Sources */,
				C476E09E241FBC4200154C24 /* JoinCoordinator.swift in Sources */,
				C4D03A84241CA93800CB640B /* ViewController.swift in Sources */,
				C4F382DD241CBC1A00500E03 /* Coordinatable.swift in Sources */,
				C4D03A80241CA93800CB640B /* AppDelegate.swift in Sources */,
				C4F382E2241CC57400500E03 /* WelcomeViewController.swift in Sources */,
			);
			runOnlyForDeploymentPostprocessing = 0;
		};
/* End PBXSourcesBuildPhase section */

/* Begin PBXVariantGroup section */
		C4D03A85241CA93800CB640B /* Main.storyboard */ = {
			isa = PBXVariantGroup;
			children = (
				C4D03A86241CA93800CB640B /* Base */,
			);
			name = Main.storyboard;
			sourceTree = "<group>";
		};
		C4D03A8A241CA93B00CB640B /* LaunchScreen.storyboard */ = {
			isa = PBXVariantGroup;
			children = (
				C4D03A8B241CA93B00CB640B /* Base */,
			);
			name = LaunchScreen.storyboard;
			sourceTree = "<group>";
		};
/* End PBXVariantGroup section */

/* Begin XCBuildConfiguration section */
		C4D03A8E241CA93B00CB640B /* Debug */ = {
			isa = XCBuildConfiguration;
			buildSettings = {
				ALWAYS_SEARCH_USER_PATHS = NO;
				CLANG_ANALYZER_NONNULL = YES;
				CLANG_ANALYZER_NUMBER_OBJECT_CONVERSION = YES_AGGRESSIVE;
				CLANG_CXX_LANGUAGE_STANDARD = "gnu++14";
				CLANG_CXX_LIBRARY = "libc++";
				CLANG_ENABLE_MODULES = YES;
				CLANG_ENABLE_OBJC_ARC = YES;
				CLANG_ENABLE_OBJC_WEAK = YES;
				CLANG_WARN_BLOCK_CAPTURE_AUTORELEASING = YES;
				CLANG_WARN_BOOL_CONVERSION = YES;
				CLANG_WARN_COMMA = YES;
				CLANG_WARN_CONSTANT_CONVERSION = YES;
				CLANG_WARN_DEPRECATED_OBJC_IMPLEMENTATIONS = YES;
				CLANG_WARN_DIRECT_OBJC_ISA_USAGE = YES_ERROR;
				CLANG_WARN_DOCUMENTATION_COMMENTS = YES;
				CLANG_WARN_EMPTY_BODY = YES;
				CLANG_WARN_ENUM_CONVERSION = YES;
				CLANG_WARN_INFINITE_RECURSION = YES;
				CLANG_WARN_INT_CONVERSION = YES;
				CLANG_WARN_NON_LITERAL_NULL_CONVERSION = YES;
				CLANG_WARN_OBJC_IMPLICIT_RETAIN_SELF = YES;
				CLANG_WARN_OBJC_LITERAL_CONVERSION = YES;
				CLANG_WARN_OBJC_ROOT_CLASS = YES_ERROR;
				CLANG_WARN_RANGE_LOOP_ANALYSIS = YES;
				CLANG_WARN_STRICT_PROTOTYPES = YES;
				CLANG_WARN_SUSPICIOUS_MOVE = YES;
				CLANG_WARN_UNGUARDED_AVAILABILITY = YES_AGGRESSIVE;
				CLANG_WARN_UNREACHABLE_CODE = YES;
				CLANG_WARN__DUPLICATE_METHOD_MATCH = YES;
				COPY_PHASE_STRIP = NO;
				DEBUG_INFORMATION_FORMAT = dwarf;
				ENABLE_STRICT_OBJC_MSGSEND = YES;
				ENABLE_TESTABILITY = YES;
				GCC_C_LANGUAGE_STANDARD = gnu11;
				GCC_DYNAMIC_NO_PIC = NO;
				GCC_NO_COMMON_BLOCKS = YES;
				GCC_OPTIMIZATION_LEVEL = 0;
				GCC_PREPROCESSOR_DEFINITIONS = (
					"DEBUG=1",
					"$(inherited)",
				);
				GCC_WARN_64_TO_32_BIT_CONVERSION = YES;
				GCC_WARN_ABOUT_RETURN_TYPE = YES_ERROR;
				GCC_WARN_UNDECLARED_SELECTOR = YES;
				GCC_WARN_UNINITIALIZED_AUTOS = YES_AGGRESSIVE;
				GCC_WARN_UNUSED_FUNCTION = YES;
				GCC_WARN_UNUSED_VARIABLE = YES;
				IPHONEOS_DEPLOYMENT_TARGET = 13.2;
				MTL_ENABLE_DEBUG_INFO = INCLUDE_SOURCE;
				MTL_FAST_MATH = YES;
				ONLY_ACTIVE_ARCH = YES;
				SDKROOT = iphoneos;
				SWIFT_ACTIVE_COMPILATION_CONDITIONS = DEBUG;
				SWIFT_OPTIMIZATION_LEVEL = "-Onone";
			};
			name = Debug;
		};
		C4D03A8F241CA93B00CB640B /* Release */ = {
			isa = XCBuildConfiguration;
			buildSettings = {
				ALWAYS_SEARCH_USER_PATHS = NO;
				CLANG_ANALYZER_NONNULL = YES;
				CLANG_ANALYZER_NUMBER_OBJECT_CONVERSION = YES_AGGRESSIVE;
				CLANG_CXX_LANGUAGE_STANDARD = "gnu++14";
				CLANG_CXX_LIBRARY = "libc++";
				CLANG_ENABLE_MODULES = YES;
				CLANG_ENABLE_OBJC_ARC = YES;
				CLANG_ENABLE_OBJC_WEAK = YES;
				CLANG_WARN_BLOCK_CAPTURE_AUTORELEASING = YES;
				CLANG_WARN_BOOL_CONVERSION = YES;
				CLANG_WARN_COMMA = YES;
				CLANG_WARN_CONSTANT_CONVERSION = YES;
				CLANG_WARN_DEPRECATED_OBJC_IMPLEMENTATIONS = YES;
				CLANG_WARN_DIRECT_OBJC_ISA_USAGE = YES_ERROR;
				CLANG_WARN_DOCUMENTATION_COMMENTS = YES;
				CLANG_WARN_EMPTY_BODY = YES;
				CLANG_WARN_ENUM_CONVERSION = YES;
				CLANG_WARN_INFINITE_RECURSION = YES;
				CLANG_WARN_INT_CONVERSION = YES;
				CLANG_WARN_NON_LITERAL_NULL_CONVERSION = YES;
				CLANG_WARN_OBJC_IMPLICIT_RETAIN_SELF = YES;
				CLANG_WARN_OBJC_LITERAL_CONVERSION = YES;
				CLANG_WARN_OBJC_ROOT_CLASS = YES_ERROR;
				CLANG_WARN_RANGE_LOOP_ANALYSIS = YES;
				CLANG_WARN_STRICT_PROTOTYPES = YES;
				CLANG_WARN_SUSPICIOUS_MOVE = YES;
				CLANG_WARN_UNGUARDED_AVAILABILITY = YES_AGGRESSIVE;
				CLANG_WARN_UNREACHABLE_CODE = YES;
				CLANG_WARN__DUPLICATE_METHOD_MATCH = YES;
				COPY_PHASE_STRIP = NO;
				DEBUG_INFORMATION_FORMAT = "dwarf-with-dsym";
				ENABLE_NS_ASSERTIONS = NO;
				ENABLE_STRICT_OBJC_MSGSEND = YES;
				GCC_C_LANGUAGE_STANDARD = gnu11;
				GCC_NO_COMMON_BLOCKS = YES;
				GCC_WARN_64_TO_32_BIT_CONVERSION = YES;
				GCC_WARN_ABOUT_RETURN_TYPE = YES_ERROR;
				GCC_WARN_UNDECLARED_SELECTOR = YES;
				GCC_WARN_UNINITIALIZED_AUTOS = YES_AGGRESSIVE;
				GCC_WARN_UNUSED_FUNCTION = YES;
				GCC_WARN_UNUSED_VARIABLE = YES;
				IPHONEOS_DEPLOYMENT_TARGET = 13.2;
				MTL_ENABLE_DEBUG_INFO = NO;
				MTL_FAST_MATH = YES;
				SDKROOT = iphoneos;
				SWIFT_COMPILATION_MODE = wholemodule;
				SWIFT_OPTIMIZATION_LEVEL = "-O";
				VALIDATE_PRODUCT = YES;
			};
			name = Release;
		};
		C4D03A91241CA93B00CB640B /* Debug */ = {
			isa = XCBuildConfiguration;
			buildSettings = {
				ASSETCATALOG_COMPILER_APPICON_NAME = AppIcon;
				CODE_SIGN_STYLE = Automatic;
				DEVELOPMENT_TEAM = UNKLP2U2NQ;
				INFOPLIST_FILE = summary/Info.plist;
				IPHONEOS_DEPLOYMENT_TARGET = 11.0;
				LD_RUNPATH_SEARCH_PATHS = (
					"$(inherited)",
					"@executable_path/Frameworks",
				);
				PRODUCT_BUNDLE_IDENTIFIER = jp.co.tpsinc.iosstudy.3rd.MyFirebaseLoginGil;
				PRODUCT_NAME = "$(TARGET_NAME)";
				SWIFT_VERSION = 5.0;
				TARGETED_DEVICE_FAMILY = "1,2";
			};
			name = Debug;
		};
		C4D03A92241CA93B00CB640B /* Release */ = {
			isa = XCBuildConfiguration;
			buildSettings = {
				ASSETCATALOG_COMPILER_APPICON_NAME = AppIcon;
				CODE_SIGN_STYLE = Automatic;
				DEVELOPMENT_TEAM = UNKLP2U2NQ;
				INFOPLIST_FILE = summary/Info.plist;
				IPHONEOS_DEPLOYMENT_TARGET = 11.0;
				LD_RUNPATH_SEARCH_PATHS = (
					"$(inherited)",
					"@executable_path/Frameworks",
				);
				PRODUCT_BUNDLE_IDENTIFIER = jp.co.tpsinc.iosstudy.3rd.MyFirebaseLoginGil;
				PRODUCT_NAME = "$(TARGET_NAME)";
				SWIFT_VERSION = 5.0;
				TARGETED_DEVICE_FAMILY = "1,2";
			};
			name = Release;
		};
/* End XCBuildConfiguration section */

/* Begin XCConfigurationList section */
		C4D03A77241CA93800CB640B /* Build configuration list for PBXProject "summary" */ = {
			isa = XCConfigurationList;
			buildConfigurations = (
				C4D03A8E241CA93B00CB640B /* Debug */,
				C4D03A8F241CA93B00CB640B /* Release */,
			);
			defaultConfigurationIsVisible = 0;
			defaultConfigurationName = Release;
		};
		C4D03A90241CA93B00CB640B /* Build configuration list for PBXNativeTarget "summary" */ = {
			isa = XCConfigurationList;
			buildConfigurations = (
				C4D03A91241CA93B00CB640B /* Debug */,
				C4D03A92241CA93B00CB640B /* Release */,
			);
			defaultConfigurationIsVisible = 0;
			defaultConfigurationName = Release;
		};
/* End XCConfigurationList section */
	};
	rootObject = C4D03A74241CA93800CB640B /* Project object */;
}
